
Microsoft Visual Studio Solution File, Format Version 12.00
# Visual Studio Version 17
VisualStudioVersion = 17.4.33213.308
MinimumVisualStudioVersion = 10.0.40219.1
Project("{9A19103F-16F7-4668-BE54-9A1E7A4F7556}") = "MyEmguCVExample", "MyEmguCVExample\MyEmguCVExample.csproj", "{E0B6B4AA-52B5-4D2F-B03D-6DC414AB6FC2}"
EndProject
Project("{FAE04EC0-301F-11D3-BF4B-00C04F79EFBC}") = "FaceDetectionLibrary", "FaceDetectionLibrary\FaceDetectionLibrary.csproj", "{7DE47475-67EB-475F-B879-DB5A387EC4C0}"
EndProject
Global
	GlobalSection(SolutionConfigurationPlatforms) = preSolution
		Debug|Any CPU = Debug|Any CPU
		Release|Any CPU = Release|Any CPU
	EndGlobalSection
	GlobalSection(ProjectConfigurationPlatforms) = postSolution
		{E0B6B4AA-52B5-4D2F-B03D-6DC414AB6FC2}.Debug|Any CPU.ActiveCfg = Debug|Any CPU
		{E0B6B4AA-52B5-4D2F-B03D-6DC414AB6FC2}.Debug|Any CPU.Build.0 = Debug|Any CPU
		{E0B6B4AA-52B5-4D2F-B03D-6DC414AB6FC2}.Release|Any CPU.ActiveCfg = Release|Any CPU
		{E0B6B4AA-52B5-4D2F-B03D-6DC414AB6FC2}.Release|Any CPU.Build.0 = Release|Any CPU
		{7DE47475-67EB-475F-B879-DB5A387EC4C0}.Debug|Any CPU.ActiveCfg = Debug|Any CPU
		{7DE47475-67EB-475F-B879-DB5A387EC4C0}.Debug|Any CPU.Build.0 = Debug|Any CPU
		{7DE47475-67EB-475F-B879-DB5A387EC4C0}.Release|Any CPU.ActiveCfg = Release|Any CPU
		{7DE47475-67EB-475F-B879-DB5A387EC4C0}.Release|Any CPU.Build.0 = Release|Any CPU
	EndGlobalSection
	GlobalSection(SolutionProperties) = preSolution
		HideSolutionNode = FALSE
	EndGlobalSection
	GlobalSection(ExtensibilityGlobals) = postSolution
		SolutionGuid = {6EEAC046-4E51-41A7-816A-0D5659810B86}
	EndGlobalSection
EndGlobal
